
Microsoft Visual Studio Solution File, Format Version 12.00
# Visual Studio Version 17
VisualStudioVersion = 17.5.002.0
MinimumVisualStudioVersion = 10.0.40219.1
Project("{2150E333-8FDC-42A3-9474-1A3956D46DE8}") = "LawOfDemeter", "LawOfDemeter", "{7160B462-D376-4749-B019-3A466E19C48C}"
EndProject
Project("{9A19103F-16F7-4668-BE54-9A1E7A4F7556}") = "WithoutViolation", "LawOfDemeter\WithoutViolation\WithoutViolation.csproj", "{7C1AA82D-510C-4882-9BC7-12B2E1FC8BB1}"
EndProject
Project("{9A19103F-16F7-4668-BE54-9A1E7A4F7556}") = "WithViolation", "LawOfDemeter\WithViolation\WithViolation.csproj", "{523AE930-BC51-49EC-BC03-6F544DCC752C}"
EndProject
Project("{2150E333-8FDC-42A3-9474-1A3956D46DE8}") = "DIP", "DIP", "{F8F9FFD4-E1A1-47D7-95AB-C3ACF7379E1E}"
EndProject
Project("{2150E333-8FDC-42A3-9474-1A3956D46DE8}") = "C#", "C#", "{9C8115A6-2FDA-4CAB-996F-CDF7294AF710}"
EndProject
Project("{2150E333-8FDC-42A3-9474-1A3956D46DE8}") = "GainDivergenceCheckerDevice", "GainDivergenceCheckerDevice", "{BA313D50-4022-4C27-B7AF-484288D18780}"
EndProject
Project("{9A19103F-16F7-4668-BE54-9A1E7A4F7556}") = "WithoutViolation", "DIP\C#\GainDivergenceCheckerDevice\WithoutViolation\WithoutViolation.csproj", "{ED065B64-B860-4E83-A2FB-9C6AF63F816A}"
EndProject
Project("{9A19103F-16F7-4668-BE54-9A1E7A4F7556}") = "WithViolation", "DIP\C#\GainDivergenceCheckerDevice\WithViolation\WithViolation.csproj", "{B6D57D9E-5E5B-4C0F-9258-7F9D3722BE6D}"
EndProject
Project("{2150E333-8FDC-42A3-9474-1A3956D46DE8}") = "ReporterPresentation", "ReporterPresentation", "{02492BE3-1724-4110-8262-C3B7D2CC7E52}"
EndProject
Project("{9A19103F-16F7-4668-BE54-9A1E7A4F7556}") = "WithoutViolation", "DIP\C#\ReporterPresentation\WithoutViolation\WithoutViolation.csproj", "{EE92AD61-7124-4BEC-8E5D-BF20197E60D4}"
EndProject
Project("{9A19103F-16F7-4668-BE54-9A1E7A4F7556}") = "WithViolation", "DIP\C#\ReporterPresentation\WithViolation\WithViolation.csproj", "{5EDA5294-B0D1-4A59-9206-CE9BC4DF08A3}"
EndProject
Project("{2150E333-8FDC-42A3-9474-1A3956D46DE8}") = "ISP", "ISP", "{52A1D563-02C4-40C2-BCB5-CF0243087D95}"
EndProject
Project("{2150E333-8FDC-42A3-9474-1A3956D46DE8}") = "C#", "C#", "{FA4F7A3D-21CD-4F5E-AEC6-E1CC2395E85B}"
EndProject
Project("{2150E333-8FDC-42A3-9474-1A3956D46DE8}") = "BankTerminals", "BankTerminals", "{23965E86-39FB-4EF1-AB1D-CABA29F617D1}"
EndProject
Project("{9A19103F-16F7-4668-BE54-9A1E7A4F7556}") = "WithoutViolation", "ISP\C#\BankTerminals\WithoutViolation\WithoutViolation.csproj", "{F5FCDC45-AD89-49E2-B36E-FB31FAD1B013}"
EndProject
Project("{9A19103F-16F7-4668-BE54-9A1E7A4F7556}") = "WithViolation", "ISP\C#\BankTerminals\WithViolation\WithViolation.csproj", "{DF933DA8-3142-47AA-BD5E-AD02004F55B1}"
EndProject
Project("{2150E333-8FDC-42A3-9474-1A3956D46DE8}") = "DataImporter", "DataImporter", "{E583E503-DD14-4053-B8BB-956566E8FD93}"
EndProject
Project("{9A19103F-16F7-4668-BE54-9A1E7A4F7556}") = "WithoutViolation", "ISP\C#\DataImporter\WithoutViolation\WithoutViolation.csproj", "{F0AB3D6E-A9B2-49E9-AEE2-7CEB6053365D}"
EndProject
Project("{9A19103F-16F7-4668-BE54-9A1E7A4F7556}") = "WithViolation", "ISP\C#\DataImporter\WithViolation\WithViolation.csproj", "{B43EDCA2-BE6D-47CD-8C45-6D556FDD02B8}"
EndProject
Project("{2150E333-8FDC-42A3-9474-1A3956D46DE8}") = "PrinterDocument", "PrinterDocument", "{ED951483-F2C0-4F58-A25B-F51C6B04E5A8}"
EndProject
Project("{9A19103F-16F7-4668-BE54-9A1E7A4F7556}") = "WithoutViolation", "ISP\C#\PrinterDocument\WithoutViolation\WithoutViolation.csproj", "{628CF513-803A-4835-88C9-43D2D3625FC6}"
EndProject
Project("{9A19103F-16F7-4668-BE54-9A1E7A4F7556}") = "WithViolation", "ISP\C#\PrinterDocument\WithViolation\WithViolation.csproj", "{9347EC47-2D18-416C-ADEB-2996B1051166}"
EndProject
Project("{2150E333-8FDC-42A3-9474-1A3956D46DE8}") = "LSP", "LSP", "{BB4A6F83-77DB-4FF2-A143-A26883B7F0E3}"
EndProject
Project("{2150E333-8FDC-42A3-9474-1A3956D46DE8}") = "C#", "C#", "{FC4B05B5-315D-4181-89FC-7EA02B88AABC}"
EndProject
Project("{2150E333-8FDC-42A3-9474-1A3956D46DE8}") = "SquareAndRectangle", "SquareAndRectangle", "{51F60C4F-F7D3-4AFF-8F3A-D122C77B5BDF}"
EndProject
Project("{9A19103F-16F7-4668-BE54-9A1E7A4F7556}") = "WithoutViolationFirstApproach", "LSP\C#\SquareAndRectangle\WithoutViolationFirstApproach\WithoutViolationFirstApproach.csproj", "{D6B041D7-4D10-43BD-AEBC-50AE062DAC8C}"
EndProject
Project("{9A19103F-16F7-4668-BE54-9A1E7A4F7556}") = "WithoutViolationSecondApproach", "LSP\C#\SquareAndRectangle\WithoutViolationSecondApproach\WithoutViolationSecondApproach.csproj", "{5C30CDE2-CDE5-4CD2-B434-63ECB573F226}"
EndProject
Project("{9A19103F-16F7-4668-BE54-9A1E7A4F7556}") = "WithViolation", "LSP\C#\SquareAndRectangle\WithViolation\WithViolation.csproj", "{168A2263-8350-4495-BC52-EF0DD6C02F33}"
EndProject
Project("{2150E333-8FDC-42A3-9474-1A3956D46DE8}") = "SummarizeCalculator", "SummarizeCalculator", "{661B251E-456C-4291-B3EF-AF3F43B64F5A}"
EndProject
Project("{9A19103F-16F7-4668-BE54-9A1E7A4F7556}") = "WithoutViolation", "LSP\C#\SummarizeCalculator\WithoutViolation\WithoutViolation.csproj", "{405968E8-063E-44BA-9441-9FD36CD63736}"
EndProject
Project("{9A19103F-16F7-4668-BE54-9A1E7A4F7556}") = "WithViolation", "LSP\C#\SummarizeCalculator\WithViolation\WithViolation.csproj", "{E194AED7-2AAA-45EC-8B9D-AD217BA6D811}"
EndProject
Project("{2150E333-8FDC-42A3-9474-1A3956D46DE8}") = "OCP", "OCP", "{577C44B0-4735-4F96-94F2-4FABEAEBDB5B}"
EndProject
Project("{2150E333-8FDC-42A3-9474-1A3956D46DE8}") = "C#", "C#", "{4437A460-6C70-4885-B206-738874966242}"
EndProject
Project("{2150E333-8FDC-42A3-9474-1A3956D46DE8}") = "CalculatorFigureArea", "CalculatorFigureArea", "{E6C3D6DE-49E9-43E9-829C-367C51C8C264}"
EndProject
Project("{9A19103F-16F7-4668-BE54-9A1E7A4F7556}") = "WithoutViolation", "OCP\C#\CalculatorFigureArea\WithoutViolation\WithoutViolation.csproj", "{721D49D7-C967-466C-A472-63EA7A90D5A7}"
EndProject
Project("{9A19103F-16F7-4668-BE54-9A1E7A4F7556}") = "WithViolation", "OCP\C#\CalculatorFigureArea\WithViolation\WithViolation.csproj", "{0E64B75F-20C4-4667-9FAC-327B3F21459C}"
EndProject
Project("{2150E333-8FDC-42A3-9474-1A3956D46DE8}") = "FindDevice", "FindDevice", "{C67B6FD3-65C9-4EA1-8614-707D2D8BCE6E}"
EndProject
Project("{9A19103F-16F7-4668-BE54-9A1E7A4F7556}") = "WithoutViolation", "OCP\C#\FindDevice\WithoutViolation\WithoutViolation.csproj", "{2A1A7761-42A5-495E-858B-E595F65C8025}"
EndProject
Project("{9A19103F-16F7-4668-BE54-9A1E7A4F7556}") = "WithViolation", "OCP\C#\FindDevice\WithViolation\WithViolation.csproj", "{C597F062-D704-430B-A0D3-BE0B5C719191}"
EndProject
Project("{2150E333-8FDC-42A3-9474-1A3956D46DE8}") = "Products", "Products", "{EAF31D79-CCC8-4CB6-A8D8-3133FC60392E}"
EndProject
Project("{9A19103F-16F7-4668-BE54-9A1E7A4F7556}") = "WithoutViolation", "OCP\C#\Products\WithoutViolation\WithoutViolation.csproj", "{EC9E385B-9572-42D2-8EAA-10F0DEEE772B}"
EndProject
Project("{9A19103F-16F7-4668-BE54-9A1E7A4F7556}") = "WithViolation", "OCP\C#\Products\WithViolation\WithViolation.csproj", "{EB980833-4126-4007-B943-A6E28785B176}"
EndProject
Project("{2150E333-8FDC-42A3-9474-1A3956D46DE8}") = "SRP", "SRP", "{72878C33-AA77-44A7-87FF-812C5DD4E12B}"
EndProject
Project("{2150E333-8FDC-42A3-9474-1A3956D46DE8}") = "C#", "C#", "{1CE0B480-41C2-499F-9B6F-74FCA14FA777}"
EndProject
Project("{2150E333-8FDC-42A3-9474-1A3956D46DE8}") = "Book", "Book", "{FDE2AF75-4BBB-4074-AFD3-890957E1854B}"
EndProject
Project("{9A19103F-16F7-4668-BE54-9A1E7A4F7556}") = "WithoutViolation", "SRP\C#\Book\WithoutViolation\WithoutViolation.csproj", "{F1B74FF5-4E11-49BF-8465-23FD9101B904}"
EndProject
Project("{9A19103F-16F7-4668-BE54-9A1E7A4F7556}") = "WithViolation", "SRP\C#\Book\WithViolation\WithViolation.csproj", "{6003D886-6C6D-451A-B861-03E9B45A3817}"
EndProject
Project("{2150E333-8FDC-42A3-9474-1A3956D46DE8}") = "Draw", "Draw", "{2985A819-B4C5-470E-B0D4-1512447A5437}"
EndProject
Project("{9A19103F-16F7-4668-BE54-9A1E7A4F7556}") = "WithoutViolation", "SRP\C#\Draw\WithoutViolation\WithoutViolation.csproj", "{C14149D5-8777-4374-A8B3-D0C474C59B80}"
EndProject
Project("{9A19103F-16F7-4668-BE54-9A1E7A4F7556}") = "WithViolation", "SRP\C#\Draw\WithViolation\WithViolation.csproj", "{77442A7F-6E80-4193-A278-1547BB8CD132}"
EndProject
Project("{2150E333-8FDC-42A3-9474-1A3956D46DE8}") = "FindAlarmDevice", "FindAlarmDevice", "{CE56D1BC-14E4-431E-A9A1-B7BB3E37065A}"
EndProject
Project("{9A19103F-16F7-4668-BE54-9A1E7A4F7556}") = "WithoutViolation", "SRP\C#\FindAlarmDevice\WithoutViolation\WithoutViolation.csproj", "{346B05A8-1D4E-4634-8DD8-3AFF813C5FC6}"
EndProject
Project("{9A19103F-16F7-4668-BE54-9A1E7A4F7556}") = "WithViolation", "SRP\C#\FindAlarmDevice\WithViolation\WithViolation.csproj", "{E7470793-EC63-47D2-BD99-5FE361E987EF}"
EndProject
Project("{2150E333-8FDC-42A3-9474-1A3956D46DE8}") = "Journal", "Journal", "{8D1A65B6-28B0-4D28-8A6B-75CDC13625E1}"
EndProject
Project("{9A19103F-16F7-4668-BE54-9A1E7A4F7556}") = "WithoutViolation", "SRP\C#\Journal\WithoutViolation\WithoutViolation.csproj", "{D22A2FB2-6276-4D29-93AD-034E619D0BAA}"
EndProject
Project("{9A19103F-16F7-4668-BE54-9A1E7A4F7556}") = "WithViolation", "SRP\C#\Journal\WithViolation\WithViolation.csproj", "{9EEB2402-A88C-4009-8FDF-ED6B8705EFA3}"
EndProject
Project("{2150E333-8FDC-42A3-9474-1A3956D46DE8}") = "ReportAndFormatting", "ReportAndFormatting", "{71317666-6673-429B-B751-FDF9FFFF9BC1}"
EndProject
Project("{9A19103F-16F7-4668-BE54-9A1E7A4F7556}") = "Report", "SRP\C#\ReportAndFormatting\WithoutViolation\Report.csproj", "{E40F384D-B301-4372-BA62-E4FC7B8DE6B3}"
EndProject
Project("{9A19103F-16F7-4668-BE54-9A1E7A4F7556}") = "Report (1)", "SRP\C#\ReportAndFormatting\WithViolation\Report.csproj", "{8FF9E5FF-D9D8-49AF-A11B-5A318365FA09}"
EndProject
Project("{2150E333-8FDC-42A3-9474-1A3956D46DE8}") = "TicketTrainPayment", "TicketTrainPayment", "{1989D5A8-EEB1-450B-92F7-1074635E5BB3}"
EndProject
Project("{9A19103F-16F7-4668-BE54-9A1E7A4F7556}") = "WithoutViolation", "SRP\C#\TicketTrainPayment\WithoutViolation\WithoutViolation.csproj", "{FBAED322-901B-4667-9C39-6899096FA3FA}"
EndProject
Project("{9A19103F-16F7-4668-BE54-9A1E7A4F7556}") = "WithViolation", "SRP\C#\TicketTrainPayment\WithViolation\WithViolation.csproj", "{53B9FEF5-4DA1-490E-B27E-B22E2365EB02}"
EndProject
Global
	GlobalSection(SolutionConfigurationPlatforms) = preSolution
		Debug|Any CPU = Debug|Any CPU
		Release|Any CPU = Release|Any CPU
	EndGlobalSection
	GlobalSection(ProjectConfigurationPlatforms) = postSolution
		{7C1AA82D-510C-4882-9BC7-12B2E1FC8BB1}.Debug|Any CPU.ActiveCfg = Debug|Any CPU
		{7C1AA82D-510C-4882-9BC7-12B2E1FC8BB1}.Debug|Any CPU.Build.0 = Debug|Any CPU
		{7C1AA82D-510C-4882-9BC7-12B2E1FC8BB1}.Release|Any CPU.ActiveCfg = Release|Any CPU
		{7C1AA82D-510C-4882-9BC7-12B2E1FC8BB1}.Release|Any CPU.Build.0 = Release|Any CPU
		{523AE930-BC51-49EC-BC03-6F544DCC752C}.Debug|Any CPU.ActiveCfg = Debug|Any CPU
		{523AE930-BC51-49EC-BC03-6F544DCC752C}.Debug|Any CPU.Build.0 = Debug|Any CPU
		{523AE930-BC51-49EC-BC03-6F544DCC752C}.Release|Any CPU.ActiveCfg = Release|Any CPU
		{523AE930-BC51-49EC-BC03-6F544DCC752C}.Release|Any CPU.Build.0 = Release|Any CPU
		{ED065B64-B860-4E83-A2FB-9C6AF63F816A}.Debug|Any CPU.ActiveCfg = Debug|Any CPU
		{ED065B64-B860-4E83-A2FB-9C6AF63F816A}.Debug|Any CPU.Build.0 = Debug|Any CPU
		{ED065B64-B860-4E83-A2FB-9C6AF63F816A}.Release|Any CPU.ActiveCfg = Release|Any CPU
		{ED065B64-B860-4E83-A2FB-9C6AF63F816A}.Release|Any CPU.Build.0 = Release|Any CPU
		{B6D57D9E-5E5B-4C0F-9258-7F9D3722BE6D}.Debug|Any CPU.ActiveCfg = Debug|Any CPU
		{B6D57D9E-5E5B-4C0F-9258-7F9D3722BE6D}.Debug|Any CPU.Build.0 = Debug|Any CPU
		{B6D57D9E-5E5B-4C0F-9258-7F9D3722BE6D}.Release|Any CPU.ActiveCfg = Release|Any CPU
		{B6D57D9E-5E5B-4C0F-9258-7F9D3722BE6D}.Release|Any CPU.Build.0 = Release|Any CPU
		{EE92AD61-7124-4BEC-8E5D-BF20197E60D4}.Debug|Any CPU.ActiveCfg = Debug|Any CPU
		{EE92AD61-7124-4BEC-8E5D-BF20197E60D4}.Debug|Any CPU.Build.0 = Debug|Any CPU
		{EE92AD61-7124-4BEC-8E5D-BF20197E60D4}.Release|Any CPU.ActiveCfg = Release|Any CPU
		{EE92AD61-7124-4BEC-8E5D-BF20197E60D4}.Release|Any CPU.Build.0 = Release|Any CPU
		{5EDA5294-B0D1-4A59-9206-CE9BC4DF08A3}.Debug|Any CPU.ActiveCfg = Debug|Any CPU
		{5EDA5294-B0D1-4A59-9206-CE9BC4DF08A3}.Debug|Any CPU.Build.0 = Debug|Any CPU
		{5EDA5294-B0D1-4A59-9206-CE9BC4DF08A3}.Release|Any CPU.ActiveCfg = Release|Any CPU
		{5EDA5294-B0D1-4A59-9206-CE9BC4DF08A3}.Release|Any CPU.Build.0 = Release|Any CPU
		{F5FCDC45-AD89-49E2-B36E-FB31FAD1B013}.Debug|Any CPU.ActiveCfg = Debug|Any CPU
		{F5FCDC45-AD89-49E2-B36E-FB31FAD1B013}.Debug|Any CPU.Build.0 = Debug|Any CPU
		{F5FCDC45-AD89-49E2-B36E-FB31FAD1B013}.Release|Any CPU.ActiveCfg = Release|Any CPU
		{F5FCDC45-AD89-49E2-B36E-FB31FAD1B013}.Release|Any CPU.Build.0 = Release|Any CPU
		{DF933DA8-3142-47AA-BD5E-AD02004F55B1}.Debug|Any CPU.ActiveCfg = Debug|Any CPU
		{DF933DA8-3142-47AA-BD5E-AD02004F55B1}.Debug|Any CPU.Build.0 = Debug|Any CPU
		{DF933DA8-3142-47AA-BD5E-AD02004F55B1}.Release|Any CPU.ActiveCfg = Release|Any CPU
		{DF933DA8-3142-47AA-BD5E-AD02004F55B1}.Release|Any CPU.Build.0 = Release|Any CPU
		{F0AB3D6E-A9B2-49E9-AEE2-7CEB6053365D}.Debug|Any CPU.ActiveCfg = Debug|Any CPU
		{F0AB3D6E-A9B2-49E9-AEE2-7CEB6053365D}.Debug|Any CPU.Build.0 = Debug|Any CPU
		{F0AB3D6E-A9B2-49E9-AEE2-7CEB6053365D}.Release|Any CPU.ActiveCfg = Release|Any CPU
		{F0AB3D6E-A9B2-49E9-AEE2-7CEB6053365D}.Release|Any CPU.Build.0 = Release|Any CPU
		{B43EDCA2-BE6D-47CD-8C45-6D556FDD02B8}.Debug|Any CPU.ActiveCfg = Debug|Any CPU
		{B43EDCA2-BE6D-47CD-8C45-6D556FDD02B8}.Debug|Any CPU.Build.0 = Debug|Any CPU
		{B43EDCA2-BE6D-47CD-8C45-6D556FDD02B8}.Release|Any CPU.ActiveCfg = Release|Any CPU
		{B43EDCA2-BE6D-47CD-8C45-6D556FDD02B8}.Release|Any CPU.Build.0 = Release|Any CPU
		{628CF513-803A-4835-88C9-43D2D3625FC6}.Debug|Any CPU.ActiveCfg = Debug|Any CPU
		{628CF513-803A-4835-88C9-43D2D3625FC6}.Debug|Any CPU.Build.0 = Debug|Any CPU
		{628CF513-803A-4835-88C9-43D2D3625FC6}.Release|Any CPU.ActiveCfg = Release|Any CPU
		{628CF513-803A-4835-88C9-43D2D3625FC6}.Release|Any CPU.Build.0 = Release|Any CPU
		{9347EC47-2D18-416C-ADEB-2996B1051166}.Debug|Any CPU.ActiveCfg = Debug|Any CPU
		{9347EC47-2D18-416C-ADEB-2996B1051166}.Debug|Any CPU.Build.0 = Debug|Any CPU
		{9347EC47-2D18-416C-ADEB-2996B1051166}.Release|Any CPU.ActiveCfg = Release|Any CPU
		{9347EC47-2D18-416C-ADEB-2996B1051166}.Release|Any CPU.Build.0 = Release|Any CPU
		{D6B041D7-4D10-43BD-AEBC-50AE062DAC8C}.Debug|Any CPU.ActiveCfg = Debug|Any CPU
		{D6B041D7-4D10-43BD-AEBC-50AE062DAC8C}.Debug|Any CPU.Build.0 = Debug|Any CPU
		{D6B041D7-4D10-43BD-AEBC-50AE062DAC8C}.Release|Any CPU.ActiveCfg = Release|Any CPU
		{D6B041D7-4D10-43BD-AEBC-50AE062DAC8C}.Release|Any CPU.Build.0 = Release|Any CPU
		{5C30CDE2-CDE5-4CD2-B434-63ECB573F226}.Debug|Any CPU.ActiveCfg = Debug|Any CPU
		{5C30CDE2-CDE5-4CD2-B434-63ECB573F226}.Debug|Any CPU.Build.0 = Debug|Any CPU
		{5C30CDE2-CDE5-4CD2-B434-63ECB573F226}.Release|Any CPU.ActiveCfg = Release|Any CPU
		{5C30CDE2-CDE5-4CD2-B434-63ECB573F226}.Release|Any CPU.Build.0 = Release|Any CPU
		{168A2263-8350-4495-BC52-EF0DD6C02F33}.Debug|Any CPU.ActiveCfg = Debug|Any CPU
		{168A2263-8350-4495-BC52-EF0DD6C02F33}.Debug|Any CPU.Build.0 = Debug|Any CPU
		{168A2263-8350-4495-BC52-EF0DD6C02F33}.Release|Any CPU.ActiveCfg = Release|Any CPU
		{168A2263-8350-4495-BC52-EF0DD6C02F33}.Release|Any CPU.Build.0 = Release|Any CPU
		{405968E8-063E-44BA-9441-9FD36CD63736}.Debug|Any CPU.ActiveCfg = Debug|Any CPU
		{405968E8-063E-44BA-9441-9FD36CD63736}.Debug|Any CPU.Build.0 = Debug|Any CPU
		{405968E8-063E-44BA-9441-9FD36CD63736}.Release|Any CPU.ActiveCfg = Release|Any CPU
		{405968E8-063E-44BA-9441-9FD36CD63736}.Release|Any CPU.Build.0 = Release|Any CPU
		{E194AED7-2AAA-45EC-8B9D-AD217BA6D811}.Debug|Any CPU.ActiveCfg = Debug|Any CPU
		{E194AED7-2AAA-45EC-8B9D-AD217BA6D811}.Debug|Any CPU.Build.0 = Debug|Any CPU
		{E194AED7-2AAA-45EC-8B9D-AD217BA6D811}.Release|Any CPU.ActiveCfg = Release|Any CPU
		{E194AED7-2AAA-45EC-8B9D-AD217BA6D811}.Release|Any CPU.Build.0 = Release|Any CPU
		{721D49D7-C967-466C-A472-63EA7A90D5A7}.Debug|Any CPU.ActiveCfg = Debug|Any CPU
		{721D49D7-C967-466C-A472-63EA7A90D5A7}.Debug|Any CPU.Build.0 = Debug|Any CPU
		{721D49D7-C967-466C-A472-63EA7A90D5A7}.Release|Any CPU.ActiveCfg = Release|Any CPU
		{721D49D7-C967-466C-A472-63EA7A90D5A7}.Release|Any CPU.Build.0 = Release|Any CPU
		{0E64B75F-20C4-4667-9FAC-327B3F21459C}.Debug|Any CPU.ActiveCfg = Debug|Any CPU
		{0E64B75F-20C4-4667-9FAC-327B3F21459C}.Debug|Any CPU.Build.0 = Debug|Any CPU
		{0E64B75F-20C4-4667-9FAC-327B3F21459C}.Release|Any CPU.ActiveCfg = Release|Any CPU
		{0E64B75F-20C4-4667-9FAC-327B3F21459C}.Release|Any CPU.Build.0 = Release|Any CPU
		{2A1A7761-42A5-495E-858B-E595F65C8025}.Debug|Any CPU.ActiveCfg = Debug|Any CPU
		{2A1A7761-42A5-495E-858B-E595F65C8025}.Debug|Any CPU.Build.0 = Debug|Any CPU
		{2A1A7761-42A5-495E-858B-E595F65C8025}.Release|Any CPU.ActiveCfg = Release|Any CPU
		{2A1A7761-42A5-495E-858B-E595F65C8025}.Release|Any CPU.Build.0 = Release|Any CPU
		{C597F062-D704-430B-A0D3-BE0B5C719191}.Debug|Any CPU.ActiveCfg = Debug|Any CPU
		{C597F062-D704-430B-A0D3-BE0B5C719191}.Debug|Any CPU.Build.0 = Debug|Any CPU
		{C597F062-D704-430B-A0D3-BE0B5C719191}.Release|Any CPU.ActiveCfg = Release|Any CPU
		{C597F062-D704-430B-A0D3-BE0B5C719191}.Release|Any CPU.Build.0 = Release|Any CPU
		{EC9E385B-9572-42D2-8EAA-10F0DEEE772B}.Debug|Any CPU.ActiveCfg = Debug|Any CPU
		{EC9E385B-9572-42D2-8EAA-10F0DEEE772B}.Debug|Any CPU.Build.0 = Debug|Any CPU
		{EC9E385B-9572-42D2-8EAA-10F0DEEE772B}.Release|Any CPU.ActiveCfg = Release|Any CPU
		{EC9E385B-9572-42D2-8EAA-10F0DEEE772B}.Release|Any CPU.Build.0 = Release|Any CPU
		{EB980833-4126-4007-B943-A6E28785B176}.Debug|Any CPU.ActiveCfg = Debug|Any CPU
		{EB980833-4126-4007-B943-A6E28785B176}.Debug|Any CPU.Build.0 = Debug|Any CPU
		{EB980833-4126-4007-B943-A6E28785B176}.Release|Any CPU.ActiveCfg = Release|Any CPU
		{EB980833-4126-4007-B943-A6E28785B176}.Release|Any CPU.Build.0 = Release|Any CPU
		{F1B74FF5-4E11-49BF-8465-23FD9101B904}.Debug|Any CPU.ActiveCfg = Debug|Any CPU
		{F1B74FF5-4E11-49BF-8465-23FD9101B904}.Debug|Any CPU.Build.0 = Debug|Any CPU
		{F1B74FF5-4E11-49BF-8465-23FD9101B904}.Release|Any CPU.ActiveCfg = Release|Any CPU
		{F1B74FF5-4E11-49BF-8465-23FD9101B904}.Release|Any CPU.Build.0 = Release|Any CPU
		{6003D886-6C6D-451A-B861-03E9B45A3817}.Debug|Any CPU.ActiveCfg = Debug|Any CPU
		{6003D886-6C6D-451A-B861-03E9B45A3817}.Debug|Any CPU.Build.0 = Debug|Any CPU
		{6003D886-6C6D-451A-B861-03E9B45A3817}.Release|Any CPU.ActiveCfg = Release|Any CPU
		{6003D886-6C6D-451A-B861-03E9B45A3817}.Release|Any CPU.Build.0 = Release|Any CPU
		{C14149D5-8777-4374-A8B3-D0C474C59B80}.Debug|Any CPU.ActiveCfg = Debug|Any CPU
		{C14149D5-8777-4374-A8B3-D0C474C59B80}.Debug|Any CPU.Build.0 = Debug|Any CPU
		{C14149D5-8777-4374-A8B3-D0C474C59B80}.Release|Any CPU.ActiveCfg = Release|Any CPU
		{C14149D5-8777-4374-A8B3-D0C474C59B80}.Release|Any CPU.Build.0 = Release|Any CPU
		{77442A7F-6E80-4193-A278-1547BB8CD132}.Debug|Any CPU.ActiveCfg = Debug|Any CPU
		{77442A7F-6E80-4193-A278-1547BB8CD132}.Debug|Any CPU.Build.0 = Debug|Any CPU
		{77442A7F-6E80-4193-A278-1547BB8CD132}.Release|Any CPU.ActiveCfg = Release|Any CPU
		{77442A7F-6E80-4193-A278-1547BB8CD132}.Release|Any CPU.Build.0 = Release|Any CPU
		{346B05A8-1D4E-4634-8DD8-3AFF813C5FC6}.Debug|Any CPU.ActiveCfg = Debug|Any CPU
		{346B05A8-1D4E-4634-8DD8-3AFF813C5FC6}.Debug|Any CPU.Build.0 = Debug|Any CPU
		{346B05A8-1D4E-4634-8DD8-3AFF813C5FC6}.Release|Any CPU.ActiveCfg = Release|Any CPU
		{346B05A8-1D4E-4634-8DD8-3AFF813C5FC6}.Release|Any CPU.Build.0 = Release|Any CPU
		{E7470793-EC63-47D2-BD99-5FE361E987EF}.Debug|Any CPU.ActiveCfg = Debug|Any CPU
		{E7470793-EC63-47D2-BD99-5FE361E987EF}.Debug|Any CPU.Build.0 = Debug|Any CPU
		{E7470793-EC63-47D2-BD99-5FE361E987EF}.Release|Any CPU.ActiveCfg = Release|Any CPU
		{E7470793-EC63-47D2-BD99-5FE361E987EF}.Release|Any CPU.Build.0 = Release|Any CPU
		{D22A2FB2-6276-4D29-93AD-034E619D0BAA}.Debug|Any CPU.ActiveCfg = Debug|Any CPU
		{D22A2FB2-6276-4D29-93AD-034E619D0BAA}.Debug|Any CPU.Build.0 = Debug|Any CPU
		{D22A2FB2-6276-4D29-93AD-034E619D0BAA}.Release|Any CPU.ActiveCfg = Release|Any CPU
		{D22A2FB2-6276-4D29-93AD-034E619D0BAA}.Release|Any CPU.Build.0 = Release|Any CPU
		{9EEB2402-A88C-4009-8FDF-ED6B8705EFA3}.Debug|Any CPU.ActiveCfg = Debug|Any CPU
		{9EEB2402-A88C-4009-8FDF-ED6B8705EFA3}.Debug|Any CPU.Build.0 = Debug|Any CPU
		{9EEB2402-A88C-4009-8FDF-ED6B8705EFA3}.Release|Any CPU.ActiveCfg = Release|Any CPU
		{9EEB2402-A88C-4009-8FDF-ED6B8705EFA3}.Release|Any CPU.Build.0 = Release|Any CPU
		{E40F384D-B301-4372-BA62-E4FC7B8DE6B3}.Debug|Any CPU.ActiveCfg = Debug|Any CPU
		{E40F384D-B301-4372-BA62-E4FC7B8DE6B3}.Debug|Any CPU.Build.0 = Debug|Any CPU
		{E40F384D-B301-4372-BA62-E4FC7B8DE6B3}.Release|Any CPU.ActiveCfg = Release|Any CPU
		{E40F384D-B301-4372-BA62-E4FC7B8DE6B3}.Release|Any CPU.Build.0 = Release|Any CPU
		{8FF9E5FF-D9D8-49AF-A11B-5A318365FA09}.Debug|Any CPU.ActiveCfg = Debug|Any CPU
		{8FF9E5FF-D9D8-49AF-A11B-5A318365FA09}.Debug|Any CPU.Build.0 = Debug|Any CPU
		{8FF9E5FF-D9D8-49AF-A11B-5A318365FA09}.Release|Any CPU.ActiveCfg = Release|Any CPU
		{8FF9E5FF-D9D8-49AF-A11B-5A318365FA09}.Release|Any CPU.Build.0 = Release|Any CPU
		{FBAED322-901B-4667-9C39-6899096FA3FA}.Debug|Any CPU.ActiveCfg = Debug|Any CPU
		{FBAED322-901B-4667-9C39-6899096FA3FA}.Debug|Any CPU.Build.0 = Debug|Any CPU
		{FBAED322-901B-4667-9C39-6899096FA3FA}.Release|Any CPU.ActiveCfg = Release|Any CPU
		{FBAED322-901B-4667-9C39-6899096FA3FA}.Release|Any CPU.Build.0 = Release|Any CPU
		{53B9FEF5-4DA1-490E-B27E-B22E2365EB02}.Debug|Any CPU.ActiveCfg = Debug|Any CPU
		{53B9FEF5-4DA1-490E-B27E-B22E2365EB02}.Debug|Any CPU.Build.0 = Debug|Any CPU
		{53B9FEF5-4DA1-490E-B27E-B22E2365EB02}.Release|Any CPU.ActiveCfg = Release|Any CPU
		{53B9FEF5-4DA1-490E-B27E-B22E2365EB02}.Release|Any CPU.Build.0 = Release|Any CPU
	EndGlobalSection
	GlobalSection(SolutionProperties) = preSolution
		HideSolutionNode = FALSE
	EndGlobalSection
	GlobalSection(NestedProjects) = preSolution
		{7C1AA82D-510C-4882-9BC7-12B2E1FC8BB1} = {7160B462-D376-4749-B019-3A466E19C48C}
		{523AE930-BC51-49EC-BC03-6F544DCC752C} = {7160B462-D376-4749-B019-3A466E19C48C}
		{9C8115A6-2FDA-4CAB-996F-CDF7294AF710} = {F8F9FFD4-E1A1-47D7-95AB-C3ACF7379E1E}
		{BA313D50-4022-4C27-B7AF-484288D18780} = {9C8115A6-2FDA-4CAB-996F-CDF7294AF710}
		{ED065B64-B860-4E83-A2FB-9C6AF63F816A} = {BA313D50-4022-4C27-B7AF-484288D18780}
		{B6D57D9E-5E5B-4C0F-9258-7F9D3722BE6D} = {BA313D50-4022-4C27-B7AF-484288D18780}
		{02492BE3-1724-4110-8262-C3B7D2CC7E52} = {9C8115A6-2FDA-4CAB-996F-CDF7294AF710}
		{EE92AD61-7124-4BEC-8E5D-BF20197E60D4} = {02492BE3-1724-4110-8262-C3B7D2CC7E52}
		{5EDA5294-B0D1-4A59-9206-CE9BC4DF08A3} = {02492BE3-1724-4110-8262-C3B7D2CC7E52}
		{FA4F7A3D-21CD-4F5E-AEC6-E1CC2395E85B} = {52A1D563-02C4-40C2-BCB5-CF0243087D95}
		{23965E86-39FB-4EF1-AB1D-CABA29F617D1} = {FA4F7A3D-21CD-4F5E-AEC6-E1CC2395E85B}
		{F5FCDC45-AD89-49E2-B36E-FB31FAD1B013} = {23965E86-39FB-4EF1-AB1D-CABA29F617D1}
		{DF933DA8-3142-47AA-BD5E-AD02004F55B1} = {23965E86-39FB-4EF1-AB1D-CABA29F617D1}
		{E583E503-DD14-4053-B8BB-956566E8FD93} = {FA4F7A3D-21CD-4F5E-AEC6-E1CC2395E85B}
		{F0AB3D6E-A9B2-49E9-AEE2-7CEB6053365D} = {E583E503-DD14-4053-B8BB-956566E8FD93}
		{B43EDCA2-BE6D-47CD-8C45-6D556FDD02B8} = {E583E503-DD14-4053-B8BB-956566E8FD93}
		{ED951483-F2C0-4F58-A25B-F51C6B04E5A8} = {FA4F7A3D-21CD-4F5E-AEC6-E1CC2395E85B}
		{628CF513-803A-4835-88C9-43D2D3625FC6} = {ED951483-F2C0-4F58-A25B-F51C6B04E5A8}
		{9347EC47-2D18-416C-ADEB-2996B1051166} = {ED951483-F2C0-4F58-A25B-F51C6B04E5A8}
		{FC4B05B5-315D-4181-89FC-7EA02B88AABC} = {BB4A6F83-77DB-4FF2-A143-A26883B7F0E3}
		{51F60C4F-F7D3-4AFF-8F3A-D122C77B5BDF} = {FC4B05B5-315D-4181-89FC-7EA02B88AABC}
		{D6B041D7-4D10-43BD-AEBC-50AE062DAC8C} = {51F60C4F-F7D3-4AFF-8F3A-D122C77B5BDF}
		{5C30CDE2-CDE5-4CD2-B434-63ECB573F226} = {51F60C4F-F7D3-4AFF-8F3A-D122C77B5BDF}
		{168A2263-8350-4495-BC52-EF0DD6C02F33} = {51F60C4F-F7D3-4AFF-8F3A-D122C77B5BDF}
		{661B251E-456C-4291-B3EF-AF3F43B64F5A} = {FC4B05B5-315D-4181-89FC-7EA02B88AABC}
		{405968E8-063E-44BA-9441-9FD36CD63736} = {661B251E-456C-4291-B3EF-AF3F43B64F5A}
		{E194AED7-2AAA-45EC-8B9D-AD217BA6D811} = {661B251E-456C-4291-B3EF-AF3F43B64F5A}
		{4437A460-6C70-4885-B206-738874966242} = {577C44B0-4735-4F96-94F2-4FABEAEBDB5B}
		{E6C3D6DE-49E9-43E9-829C-367C51C8C264} = {4437A460-6C70-4885-B206-738874966242}
		{721D49D7-C967-466C-A472-63EA7A90D5A7} = {E6C3D6DE-49E9-43E9-829C-367C51C8C264}
		{0E64B75F-20C4-4667-9FAC-327B3F21459C} = {E6C3D6DE-49E9-43E9-829C-367C51C8C264}
		{C67B6FD3-65C9-4EA1-8614-707D2D8BCE6E} = {4437A460-6C70-4885-B206-738874966242}
		{2A1A7761-42A5-495E-858B-E595F65C8025} = {C67B6FD3-65C9-4EA1-8614-707D2D8BCE6E}
		{C597F062-D704-430B-A0D3-BE0B5C719191} = {C67B6FD3-65C9-4EA1-8614-707D2D8BCE6E}
		{EAF31D79-CCC8-4CB6-A8D8-3133FC60392E} = {4437A460-6C70-4885-B206-738874966242}
		{EC9E385B-9572-42D2-8EAA-10F0DEEE772B} = {EAF31D79-CCC8-4CB6-A8D8-3133FC60392E}
		{EB980833-4126-4007-B943-A6E28785B176} = {EAF31D79-CCC8-4CB6-A8D8-3133FC60392E}
		{1CE0B480-41C2-499F-9B6F-74FCA14FA777} = {72878C33-AA77-44A7-87FF-812C5DD4E12B}
		{FDE2AF75-4BBB-4074-AFD3-890957E1854B} = {1CE0B480-41C2-499F-9B6F-74FCA14FA777}
		{F1B74FF5-4E11-49BF-8465-23FD9101B904} = {FDE2AF75-4BBB-4074-AFD3-890957E1854B}
		{6003D886-6C6D-451A-B861-03E9B45A3817} = {FDE2AF75-4BBB-4074-AFD3-890957E1854B}
		{2985A819-B4C5-470E-B0D4-1512447A5437} = {1CE0B480-41C2-499F-9B6F-74FCA14FA777}
		{C14149D5-8777-4374-A8B3-D0C474C59B80} = {2985A819-B4C5-470E-B0D4-1512447A5437}
		{77442A7F-6E80-4193-A278-1547BB8CD132} = {2985A819-B4C5-470E-B0D4-1512447A5437}
		{CE56D1BC-14E4-431E-A9A1-B7BB3E37065A} = {1CE0B480-41C2-499F-9B6F-74FCA14FA777}
		{346B05A8-1D4E-4634-8DD8-3AFF813C5FC6} = {CE56D1BC-14E4-431E-A9A1-B7BB3E37065A}
		{E7470793-EC63-47D2-BD99-5FE361E987EF} = {CE56D1BC-14E4-431E-A9A1-B7BB3E37065A}
		{8D1A65B6-28B0-4D28-8A6B-75CDC13625E1} = {1CE0B480-41C2-499F-9B6F-74FCA14FA777}
		{D22A2FB2-6276-4D29-93AD-034E619D0BAA} = {8D1A65B6-28B0-4D28-8A6B-75CDC13625E1}
		{9EEB2402-A88C-4009-8FDF-ED6B8705EFA3} = {8D1A65B6-28B0-4D28-8A6B-75CDC13625E1}
		{71317666-6673-429B-B751-FDF9FFFF9BC1} = {1CE0B480-41C2-499F-9B6F-74FCA14FA777}
		{E40F384D-B301-4372-BA62-E4FC7B8DE6B3} = {71317666-6673-429B-B751-FDF9FFFF9BC1}
		{8FF9E5FF-D9D8-49AF-A11B-5A318365FA09} = {71317666-6673-429B-B751-FDF9FFFF9BC1}
		{1989D5A8-EEB1-450B-92F7-1074635E5BB3} = {1CE0B480-41C2-499F-9B6F-74FCA14FA777}
		{FBAED322-901B-4667-9C39-6899096FA3FA} = {1989D5A8-EEB1-450B-92F7-1074635E5BB3}
		{53B9FEF5-4DA1-490E-B27E-B22E2365EB02} = {1989D5A8-EEB1-450B-92F7-1074635E5BB3}
	EndGlobalSection
	GlobalSection(ExtensibilityGlobals) = postSolution
		SolutionGuid = {2D700601-4205-4276-8315-B2614A94F6A3}
	EndGlobalSection
EndGlobal
